// !$*UTF8*$!
{
	archiveVersion = 1;
	classes = {
	};
	objectVersion = 50;
	objects = {

/* Begin PBXBuildFile section */
		06B6C2689744081E81231A4D /* Pods_RxSwiftCameraFilterTests.framework in Frameworks */ = {isa = PBXBuildFile; fileRef = 9D6F2E681F3074F63E6DC757 /* Pods_RxSwiftCameraFilterTests.framework */; };
		48B5210AA75BEFEB704E85D7 /* Pods_RxSwiftCameraFilter_RxSwiftCameraFilterUITests.framework in Frameworks */ = {isa = PBXBuildFile; fileRef = B7E46D08531E0DF3281EEE46 /* Pods_RxSwiftCameraFilter_RxSwiftCameraFilterUITests.framework */; };
		4F2A4B6226833D730054A909 /* AppDelegate.swift in Sources */ = {isa = PBXBuildFile; fileRef = 4F2A4B6126833D730054A909 /* AppDelegate.swift */; };
		4F2A4B6426833D730054A909 /* SceneDelegate.swift in Sources */ = {isa = PBXBuildFile; fileRef = 4F2A4B6326833D730054A909 /* SceneDelegate.swift */; };
		4F2A4B6626833D730054A909 /* ViewController.swift in Sources */ = {isa = PBXBuildFile; fileRef = 4F2A4B6526833D730054A909 /* ViewController.swift */; };
		4F2A4B6926833D730054A909 /* Main.storyboard in Resources */ = {isa = PBXBuildFile; fileRef = 4F2A4B6726833D730054A909 /* Main.storyboard */; };
		4F2A4B6B26833D840054A909 /* Assets.xcassets in Resources */ = {isa = PBXBuildFile; fileRef = 4F2A4B6A26833D840054A909 /* Assets.xcassets */; };
		4F2A4B6E26833D840054A909 /* LaunchScreen.storyboard in Resources */ = {isa = PBXBuildFile; fileRef = 4F2A4B6C26833D840054A909 /* LaunchScreen.storyboard */; };
		4F2A4B7926833D850054A909 /* RxSwiftCameraFilterTests.swift in Sources */ = {isa = PBXBuildFile; fileRef = 4F2A4B7826833D850054A909 /* RxSwiftCameraFilterTests.swift */; };
		4F2A4B8426833D850054A909 /* RxSwiftCameraFilterUITests.swift in Sources */ = {isa = PBXBuildFile; fileRef = 4F2A4B8326833D850054A909 /* RxSwiftCameraFilterUITests.swift */; };
		5FA7C7B28D5F63CD121C05D9 /* Pods_RxSwiftCameraFilter.framework in Frameworks */ = {isa = PBXBuildFile; fileRef = E1458017A3B72BB0E59F7282 /* Pods_RxSwiftCameraFilter.framework */; };
/* End PBXBuildFile section */

/* Begin PBXContainerItemProxy section */
		4F2A4B7526833D850054A909 /* PBXContainerItemProxy */ = {
			isa = PBXContainerItemProxy;
			containerPortal = 4F2A4B5626833D730054A909 /* Project object */;
			proxyType = 1;
			remoteGlobalIDString = 4F2A4B5D26833D730054A909;
			remoteInfo = RxSwiftCameraFilter;
		};
		4F2A4B8026833D850054A909 /* PBXContainerItemProxy */ = {
			isa = PBXContainerItemProxy;
			containerPortal = 4F2A4B5626833D730054A909 /* Project object */;
			proxyType = 1;
			remoteGlobalIDString = 4F2A4B5D26833D730054A909;
			remoteInfo = RxSwiftCameraFilter;
		};
/* End PBXContainerItemProxy section */

/* Begin PBXFileReference section */
		4DC25FD800711D617E8D76D0 /* Pods-RxSwiftCameraFilterTests.debug.xcconfig */ = {isa = PBXFileReference; includeInIndex = 1; lastKnownFileType = text.xcconfig; name = "Pods-RxSwiftCameraFilterTests.debug.xcconfig"; path = "Target Support Files/Pods-RxSwiftCameraFilterTests/Pods-RxSwiftCameraFilterTests.debug.xcconfig"; sourceTree = "<group>"; };
		4F2A4B5E26833D730054A909 /* RxSwiftCameraFilter.app */ = {isa = PBXFileReference; explicitFileType = wrapper.application; includeInIndex = 0; path = RxSwiftCameraFilter.app; sourceTree = BUILT_PRODUCTS_DIR; };
		4F2A4B6126833D730054A909 /* AppDelegate.swift */ = {isa = PBXFileReference; lastKnownFileType = sourcecode.swift; path = AppDelegate.swift; sourceTree = "<group>"; };
		4F2A4B6326833D730054A909 /* SceneDelegate.swift */ = {isa = PBXFileReference; lastKnownFileType = sourcecode.swift; path = SceneDelegate.swift; sourceTree = "<group>"; };
		4F2A4B6526833D730054A909 /* ViewController.swift */ = {isa = PBXFileReference; lastKnownFileType = sourcecode.swift; path = ViewController.swift; sourceTree = "<group>"; };
		4F2A4B6826833D730054A909 /* Base */ = {isa = PBXFileReference; lastKnownFileType = file.storyboard; name = Base; path = Base.lproj/Main.storyboard; sourceTree = "<group>"; };
		4F2A4B6A26833D840054A909 /* Assets.xcassets */ = {isa = PBXFileReference; lastKnownFileType = folder.assetcatalog; path = Assets.xcassets; sourceTree = "<group>"; };
		4F2A4B6D26833D840054A909 /* Base */ = {isa = PBXFileReference; lastKnownFileType = file.storyboard; name = Base; path = Base.lproj/LaunchScreen.storyboard; sourceTree = "<group>"; };
		4F2A4B6F26833D840054A909 /* Info.plist */ = {isa = PBXFileReference; lastKnownFileType = text.plist.xml; path = Info.plist; sourceTree = "<group>"; };
		4F2A4B7426833D850054A909 /* RxSwiftCameraFilterTests.xctest */ = {isa = PBXFileReference; explicitFileType = wrapper.cfbundle; includeInIndex = 0; path = RxSwiftCameraFilterTests.xctest; sourceTree = BUILT_PRODUCTS_DIR; };
		4F2A4B7826833D850054A909 /* RxSwiftCameraFilterTests.swift */ = {isa = PBXFileReference; lastKnownFileType = sourcecode.swift; path = RxSwiftCameraFilterTests.swift; sourceTree = "<group>"; };
		4F2A4B7A26833D850054A909 /* Info.plist */ = {isa = PBXFileReference; lastKnownFileType = text.plist.xml; path = Info.plist; sourceTree = "<group>"; };
		4F2A4B7F26833D850054A909 /* RxSwiftCameraFilterUITests.xctest */ = {isa = PBXFileReference; explicitFileType = wrapper.cfbundle; includeInIndex = 0; path = RxSwiftCameraFilterUITests.xctest; sourceTree = BUILT_PRODUCTS_DIR; };
		4F2A4B8326833D850054A909 /* RxSwiftCameraFilterUITests.swift */ = {isa = PBXFileReference; lastKnownFileType = sourcecode.swift; path = RxSwiftCameraFilterUITests.swift; sourceTree = "<group>"; };
		4F2A4B8526833D850054A909 /* Info.plist */ = {isa = PBXFileReference; lastKnownFileType = text.plist.xml; path = Info.plist; sourceTree = "<group>"; };
		587F6C89B7F8945BADC32E5D /* Pods-RxSwiftCameraFilter-RxSwiftCameraFilterUITests.release.xcconfig */ = {isa = PBXFileReference; includeInIndex = 1; lastKnownFileType = text.xcconfig; name = "Pods-RxSwiftCameraFilter-RxSwiftCameraFilterUITests.release.xcconfig"; path = "Target Support Files/Pods-RxSwiftCameraFilter-RxSwiftCameraFilterUITests/Pods-RxSwiftCameraFilter-RxSwiftCameraFilterUITests.release.xcconfig"; sourceTree = "<group>"; };
		7B6EA52D1E1180127E7AA362 /* Pods-RxSwiftCameraFilter-RxSwiftCameraFilterUITests.debug.xcconfig */ = {isa = PBXFileReference; includeInIndex = 1; lastKnownFileType = text.xcconfig; name = "Pods-RxSwiftCameraFilter-RxSwiftCameraFilterUITests.debug.xcconfig"; path = "Target Support Files/Pods-RxSwiftCameraFilter-RxSwiftCameraFilterUITests/Pods-RxSwiftCameraFilter-RxSwiftCameraFilterUITests.debug.xcconfig"; sourceTree = "<group>"; };
		82B05D212B7E64A103C83C4B /* Pods-RxSwiftCameraFilterTests.release.xcconfig */ = {isa = PBXFileReference; includeInIndex = 1; lastKnownFileType = text.xcconfig; name = "Pods-RxSwiftCameraFilterTests.release.xcconfig"; path = "Target Support Files/Pods-RxSwiftCameraFilterTests/Pods-RxSwiftCameraFilterTests.release.xcconfig"; sourceTree = "<group>"; };
		9D6F2E681F3074F63E6DC757 /* Pods_RxSwiftCameraFilterTests.framework */ = {isa = PBXFileReference; explicitFileType = wrapper.framework; includeInIndex = 0; path = Pods_RxSwiftCameraFilterTests.framework; sourceTree = BUILT_PRODUCTS_DIR; };
		B7E46D08531E0DF3281EEE46 /* Pods_RxSwiftCameraFilter_RxSwiftCameraFilterUITests.framework */ = {isa = PBXFileReference; explicitFileType = wrapper.framework; includeInIndex = 0; path = Pods_RxSwiftCameraFilter_RxSwiftCameraFilterUITests.framework; sourceTree = BUILT_PRODUCTS_DIR; };
		BC63EDDB2A67C94A1C47C8EB /* Pods-RxSwiftCameraFilter.release.xcconfig */ = {isa = PBXFileReference; includeInIndex = 1; lastKnownFileType = text.xcconfig; name = "Pods-RxSwiftCameraFilter.release.xcconfig"; path = "Target Support Files/Pods-RxSwiftCameraFilter/Pods-RxSwiftCameraFilter.release.xcconfig"; sourceTree = "<group>"; };
		E1458017A3B72BB0E59F7282 /* Pods_RxSwiftCameraFilter.framework */ = {isa = PBXFileReference; explicitFileType = wrapper.framework; includeInIndex = 0; path = Pods_RxSwiftCameraFilter.framework; sourceTree = BUILT_PRODUCTS_DIR; };
		E951ADEC969D5BFACECFA6E9 /* Pods-RxSwiftCameraFilter.debug.xcconfig */ = {isa = PBXFileReference; includeInIndex = 1; lastKnownFileType = text.xcconfig; name = "Pods-RxSwiftCameraFilter.debug.xcconfig"; path = "Target Support Files/Pods-RxSwiftCameraFilter/Pods-RxSwiftCameraFilter.debug.xcconfig"; sourceTree = "<group>"; };
/* End PBXFileReference section */

/* Begin PBXFrameworksBuildPhase section */
		4F2A4B5B26833D730054A909 /* Frameworks */ = {
			isa = PBXFrameworksBuildPhase;
			buildActionMask = 2147483647;
			files = (
				5FA7C7B28D5F63CD121C05D9 /* Pods_RxSwiftCameraFilter.framework in Frameworks */,
			);
			runOnlyForDeploymentPostprocessing = 0;
		};
		4F2A4B7126833D850054A909 /* Frameworks */ = {
			isa = PBXFrameworksBuildPhase;
			buildActionMask = 2147483647;
			files = (
				06B6C2689744081E81231A4D /* Pods_RxSwiftCameraFilterTests.framework in Frameworks */,
			);
			runOnlyForDeploymentPostprocessing = 0;
		};
		4F2A4B7C26833D850054A909 /* Frameworks */ = {
			isa = PBXFrameworksBuildPhase;
			buildActionMask = 2147483647;
			files = (
				48B5210AA75BEFEB704E85D7 /* Pods_RxSwiftCameraFilter_RxSwiftCameraFilterUITests.framework in Frameworks */,
			);
			runOnlyForDeploymentPostprocessing = 0;
		};
/* End PBXFrameworksBuildPhase section */

/* Begin PBXGroup section */
		1D7D6627990BD2BE3CE5AFEB /* Pods */ = {
			isa = PBXGroup;
			children = (
				E951ADEC969D5BFACECFA6E9 /* Pods-RxSwiftCameraFilter.debug.xcconfig */,
				BC63EDDB2A67C94A1C47C8EB /* Pods-RxSwiftCameraFilter.release.xcconfig */,
				7B6EA52D1E1180127E7AA362 /* Pods-RxSwiftCameraFilter-RxSwiftCameraFilterUITests.debug.xcconfig */,
				587F6C89B7F8945BADC32E5D /* Pods-RxSwiftCameraFilter-RxSwiftCameraFilterUITests.release.xcconfig */,
				4DC25FD800711D617E8D76D0 /* Pods-RxSwiftCameraFilterTests.debug.xcconfig */,
				82B05D212B7E64A103C83C4B /* Pods-RxSwiftCameraFilterTests.release.xcconfig */,
			);
			name = Pods;
			path = Pods;
			sourceTree = "<group>";
		};
		4F2A4B5526833D730054A909 = {
			isa = PBXGroup;
			children = (
				4F2A4B6026833D730054A909 /* RxSwiftCameraFilter */,
				4F2A4B7726833D850054A909 /* RxSwiftCameraFilterTests */,
				4F2A4B8226833D850054A909 /* RxSwiftCameraFilterUITests */,
				4F2A4B5F26833D730054A909 /* Products */,
				1D7D6627990BD2BE3CE5AFEB /* Pods */,
				E0F93C1B01E5898E23A34E05 /* Frameworks */,
			);
			sourceTree = "<group>";
		};
		4F2A4B5F26833D730054A909 /* Products */ = {
			isa = PBXGroup;
			children = (
				4F2A4B5E26833D730054A909 /* RxSwiftCameraFilter.app */,
				4F2A4B7426833D850054A909 /* RxSwiftCameraFilterTests.xctest */,
				4F2A4B7F26833D850054A909 /* RxSwiftCameraFilterUITests.xctest */,
			);
			name = Products;
			sourceTree = "<group>";
		};
		4F2A4B6026833D730054A909 /* RxSwiftCameraFilter */ = {
			isa = PBXGroup;
			children = (
				4F2A4B6126833D730054A909 /* AppDelegate.swift */,
				4F2A4B6326833D730054A909 /* SceneDelegate.swift */,
				4F2A4B6526833D730054A909 /* ViewController.swift */,
				4F2A4B6726833D730054A909 /* Main.storyboard */,
				4F2A4B6A26833D840054A909 /* Assets.xcassets */,
				4F2A4B6C26833D840054A909 /* LaunchScreen.storyboard */,
				4F2A4B6F26833D840054A909 /* Info.plist */,
			);
			path = RxSwiftCameraFilter;
			sourceTree = "<group>";
		};
		4F2A4B7726833D850054A909 /* RxSwiftCameraFilterTests */ = {
			isa = PBXGroup;
			children = (
				4F2A4B7826833D850054A909 /* RxSwiftCameraFilterTests.swift */,
				4F2A4B7A26833D850054A909 /* Info.plist */,
			);
			path = RxSwiftCameraFilterTests;
			sourceTree = "<group>";
		};
		4F2A4B8226833D850054A909 /* RxSwiftCameraFilterUITests */ = {
			isa = PBXGroup;
			children = (
				4F2A4B8326833D850054A909 /* RxSwiftCameraFilterUITests.swift */,
				4F2A4B8526833D850054A909 /* Info.plist */,
			);
			path = RxSwiftCameraFilterUITests;
			sourceTree = "<group>";
		};
		E0F93C1B01E5898E23A34E05 /* Frameworks */ = {
			isa = PBXGroup;
			children = (
				E1458017A3B72BB0E59F7282 /* Pods_RxSwiftCameraFilter.framework */,
				B7E46D08531E0DF3281EEE46 /* Pods_RxSwiftCameraFilter_RxSwiftCameraFilterUITests.framework */,
				9D6F2E681F3074F63E6DC757 /* Pods_RxSwiftCameraFilterTests.framework */,
			);
			name = Frameworks;
			sourceTree = "<group>";
		};
/* End PBXGroup section */

/* Begin PBXNativeTarget section */
		4F2A4B5D26833D730054A909 /* RxSwiftCameraFilter */ = {
			isa = PBXNativeTarget;
			buildConfigurationList = 4F2A4B8826833D850054A909 /* Build configuration list for PBXNativeTarget "RxSwiftCameraFilter" */;
			buildPhases = (
				28C3EA5BDC85316B0392DFFF /* [CP] Check Pods Manifest.lock */,
				4F2A4B5A26833D730054A909 /* Sources */,
				4F2A4B5B26833D730054A909 /* Frameworks */,
				4F2A4B5C26833D730054A909 /* Resources */,
				AD1A9D63D4335F478C68F8C8 /* [CP] Embed Pods Frameworks */,
			);
			buildRules = (
			);
			dependencies = (
			);
			name = RxSwiftCameraFilter;
			productName = RxSwiftCameraFilter;
			productReference = 4F2A4B5E26833D730054A909 /* RxSwiftCameraFilter.app */;
			productType = "com.apple.product-type.application";
		};
		4F2A4B7326833D850054A909 /* RxSwiftCameraFilterTests */ = {
			isa = PBXNativeTarget;
			buildConfigurationList = 4F2A4B8B26833D850054A909 /* Build configuration list for PBXNativeTarget "RxSwiftCameraFilterTests" */;
			buildPhases = (
				091DA6565620FC2AB27E5A47 /* [CP] Check Pods Manifest.lock */,
				4F2A4B7026833D850054A909 /* Sources */,
				4F2A4B7126833D850054A909 /* Frameworks */,
				4F2A4B7226833D850054A909 /* Resources */,
			);
			buildRules = (
			);
			dependencies = (
				4F2A4B7626833D850054A909 /* PBXTargetDependency */,
			);
			name = RxSwiftCameraFilterTests;
			productName = RxSwiftCameraFilterTests;
			productReference = 4F2A4B7426833D850054A909 /* RxSwiftCameraFilterTests.xctest */;
			productType = "com.apple.product-type.bundle.unit-test";
		};
		4F2A4B7E26833D850054A909 /* RxSwiftCameraFilterUITests */ = {
			isa = PBXNativeTarget;
			buildConfigurationList = 4F2A4B8E26833D850054A909 /* Build configuration list for PBXNativeTarget "RxSwiftCameraFilterUITests" */;
			buildPhases = (
				F55DCD55EEF8358CD064F26A /* [CP] Check Pods Manifest.lock */,
				4F2A4B7B26833D850054A909 /* Sources */,
				4F2A4B7C26833D850054A909 /* Frameworks */,
				4F2A4B7D26833D850054A909 /* Resources */,
				C6F918D36AF2D5A3F87FAA44 /* [CP] Embed Pods Frameworks */,
			);
			buildRules = (
			);
			dependencies = (
				4F2A4B8126833D850054A909 /* PBXTargetDependency */,
			);
			name = RxSwiftCameraFilterUITests;
			productName = RxSwiftCameraFilterUITests;
			productReference = 4F2A4B7F26833D850054A909 /* RxSwiftCameraFilterUITests.xctest */;
			productType = "com.apple.product-type.bundle.ui-testing";
		};
/* End PBXNativeTarget section */

/* Begin PBXProject section */
		4F2A4B5626833D730054A909 /* Project object */ = {
			isa = PBXProject;
			attributes = {
				LastSwiftUpdateCheck = 1250;
				LastUpgradeCheck = 1250;
				TargetAttributes = {
					4F2A4B5D26833D730054A909 = {
						CreatedOnToolsVersion = 12.5.1;
					};
					4F2A4B7326833D850054A909 = {
						CreatedOnToolsVersion = 12.5.1;
						TestTargetID = 4F2A4B5D26833D730054A909;
					};
					4F2A4B7E26833D850054A909 = {
						CreatedOnToolsVersion = 12.5.1;
						TestTargetID = 4F2A4B5D26833D730054A909;
					};
				};
			};
			buildConfigurationList = 4F2A4B5926833D730054A909 /* Build configuration list for PBXProject "RxSwiftCameraFilter" */;
			compatibilityVersion = "Xcode 9.3";
			developmentRegion = en;
			hasScannedForEncodings = 0;
			knownRegions = (
				en,
				Base,
			);
			mainGroup = 4F2A4B5526833D730054A909;
			productRefGroup = 4F2A4B5F26833D730054A909 /* Products */;
			projectDirPath = "";
			projectRoot = "";
			targets = (
				4F2A4B5D26833D730054A909 /* RxSwiftCameraFilter */,
				4F2A4B7326833D850054A909 /* RxSwiftCameraFilterTests */,
				4F2A4B7E26833D850054A909 /* RxSwiftCameraFilterUITests */,
			);
		};
/* End PBXProject section */

/* Begin PBXResourcesBuildPhase section */
		4F2A4B5C26833D730054A909 /* Resources */ = {
			isa = PBXResourcesBuildPhase;
			buildActionMask = 2147483647;
			files = (
				4F2A4B6E26833D840054A909 /* LaunchScreen.storyboard in Resources */,
				4F2A4B6B26833D840054A909 /* Assets.xcassets in Resources */,
				4F2A4B6926833D730054A909 /* Main.storyboard in Resources */,
			);
			runOnlyForDeploymentPostprocessing = 0;
		};
		4F2A4B7226833D850054A909 /* Resources */ = {
			isa = PBXResourcesBuildPhase;
			buildActionMask = 2147483647;
			files = (
			);
			runOnlyForDeploymentPostprocessing = 0;
		};
		4F2A4B7D26833D850054A909 /* Resources */ = {
			isa = PBXResourcesBuildPhase;
			buildActionMask = 2147483647;
			files = (
			);
			runOnlyForDeploymentPostprocessing = 0;
		};
/* End PBXResourcesBuildPhase section */

/* Begin PBXShellScriptBuildPhase section */
		091DA6565620FC2AB27E5A47 /* [CP] Check Pods Manifest.lock */ = {
			isa = PBXShellScriptBuildPhase;
			buildActionMask = 2147483647;
			files = (
			);
			inputFileListPaths = (
			);
			inputPaths = (
				"${PODS_PODFILE_DIR_PATH}/Podfile.lock",
				"${PODS_ROOT}/Manifest.lock",
			);
			name = "[CP] Check Pods Manifest.lock";
			outputFileListPaths = (
			);
			outputPaths = (
				"$(DERIVED_FILE_DIR)/Pods-RxSwiftCameraFilterTests-checkManifestLockResult.txt",
			);
			runOnlyForDeploymentPostprocessing = 0;
			shellPath = /bin/sh;
			shellScript = "diff \"${PODS_PODFILE_DIR_PATH}/Podfile.lock\" \"${PODS_ROOT}/Manifest.lock\" > /dev/null\nif [ $? != 0 ] ; then\n    # print error to STDERR\n    echo \"error: The sandbox is not in sync with the Podfile.lock. Run 'pod install' or update your CocoaPods installation.\" >&2\n    exit 1\nfi\n# This output is used by Xcode 'outputs' to avoid re-running this script phase.\necho \"SUCCESS\" > \"${SCRIPT_OUTPUT_FILE_0}\"\n";
			showEnvVarsInLog = 0;
		};
		28C3EA5BDC85316B0392DFFF /* [CP] Check Pods Manifest.lock */ = {
			isa = PBXShellScriptBuildPhase;
			buildActionMask = 2147483647;
			files = (
			);
			inputFileListPaths = (
			);
			inputPaths = (
				"${PODS_PODFILE_DIR_PATH}/Podfile.lock",
				"${PODS_ROOT}/Manifest.lock",
			);
			name = "[CP] Check Pods Manifest.lock";
			outputFileListPaths = (
			);
			outputPaths = (
				"$(DERIVED_FILE_DIR)/Pods-RxSwiftCameraFilter-checkManifestLockResult.txt",
			);
			runOnlyForDeploymentPostprocessing = 0;
			shellPath = /bin/sh;
			shellScript = "diff \"${PODS_PODFILE_DIR_PATH}/Podfile.lock\" \"${PODS_ROOT}/Manifest.lock\" > /dev/null\nif [ $? != 0 ] ; then\n    # print error to STDERR\n    echo \"error: The sandbox is not in sync with the Podfile.lock. Run 'pod install' or update your CocoaPods installation.\" >&2\n    exit 1\nfi\n# This output is used by Xcode 'outputs' to avoid re-running this script phase.\necho \"SUCCESS\" > \"${SCRIPT_OUTPUT_FILE_0}\"\n";
			showEnvVarsInLog = 0;
		};
		AD1A9D63D4335F478C68F8C8 /* [CP] Embed Pods Frameworks */ = {
			isa = PBXShellScriptBuildPhase;
			buildActionMask = 2147483647;
			files = (
			);
			inputFileListPaths = (
				"${PODS_ROOT}/Target Support Files/Pods-RxSwiftCameraFilter/Pods-RxSwiftCameraFilter-frameworks-${CONFIGURATION}-input-files.xcfilelist",
			);
			name = "[CP] Embed Pods Frameworks";
			outputFileListPaths = (
				"${PODS_ROOT}/Target Support Files/Pods-RxSwiftCameraFilter/Pods-RxSwiftCameraFilter-frameworks-${CONFIGURATION}-output-files.xcfilelist",
			);
			runOnlyForDeploymentPostprocessing = 0;
			shellPath = /bin/sh;
			shellScript = "\"${PODS_ROOT}/Target Support Files/Pods-RxSwiftCameraFilter/Pods-RxSwiftCameraFilter-frameworks.sh\"\n";
			showEnvVarsInLog = 0;
		};
		C6F918D36AF2D5A3F87FAA44 /* [CP] Embed Pods Frameworks */ = {
			isa = PBXShellScriptBuildPhase;
			buildActionMask = 2147483647;
			files = (
			);
			inputFileListPaths = (
				"${PODS_ROOT}/Target Support Files/Pods-RxSwiftCameraFilter-RxSwiftCameraFilterUITests/Pods-RxSwiftCameraFilter-RxSwiftCameraFilterUITests-frameworks-${CONFIGURATION}-input-files.xcfilelist",
			);
			name = "[CP] Embed Pods Frameworks";
			outputFileListPaths = (
				"${PODS_ROOT}/Target Support Files/Pods-RxSwiftCameraFilter-RxSwiftCameraFilterUITests/Pods-RxSwiftCameraFilter-RxSwiftCameraFilterUITests-frameworks-${CONFIGURATION}-output-files.xcfilelist",
			);
			runOnlyForDeploymentPostprocessing = 0;
			shellPath = /bin/sh;
			shellScript = "\"${PODS_ROOT}/Target Support Files/Pods-RxSwiftCameraFilter-RxSwiftCameraFilterUITests/Pods-RxSwiftCameraFilter-RxSwiftCameraFilterUITests-frameworks.sh\"\n";
			showEnvVarsInLog = 0;
		};
		F55DCD55EEF8358CD064F26A /* [CP] Check Pods Manifest.lock */ = {
			isa = PBXShellScriptBuildPhase;
			buildActionMask = 2147483647;
			files = (
			);
			inputFileListPaths = (
			);
			inputPaths = (
				"${PODS_PODFILE_DIR_PATH}/Podfile.lock",
				"${PODS_ROOT}/Manifest.lock",
			);
			name = "[CP] Check Pods Manifest.lock";
			outputFileListPaths = (
			);
			outputPaths = (
				"$(DERIVED_FILE_DIR)/Pods-RxSwiftCameraFilter-RxSwiftCameraFilterUITests-checkManifestLockResult.txt",
			);
			runOnlyForDeploymentPostprocessing = 0;
			shellPath = /bin/sh;
			shellScript = "diff \"${PODS_PODFILE_DIR_PATH}/Podfile.lock\" \"${PODS_ROOT}/Manifest.lock\" > /dev/null\nif [ $? != 0 ] ; then\n    # print error to STDERR\n    echo \"error: The sandbox is not in sync with the Podfile.lock. Run 'pod install' or update your CocoaPods installation.\" >&2\n    exit 1\nfi\n# This output is used by Xcode 'outputs' to avoid re-running this script phase.\necho \"SUCCESS\" > \"${SCRIPT_OUTPUT_FILE_0}\"\n";
			showEnvVarsInLog = 0;
		};
/* End PBXShellScriptBuildPhase section */

/* Begin PBXSourcesBuildPhase section */
		4F2A4B5A26833D730054A909 /* Sources */ = {
			isa = PBXSourcesBuildPhase;
			buildActionMask = 2147483647;
			files = (
				4F2A4B6626833D730054A909 /* ViewController.swift in Sources */,
				4F2A4B6226833D730054A909 /* AppDelegate.swift in Sources */,
				4F2A4B6426833D730054A909 /* SceneDelegate.swift in Sources */,
			);
			runOnlyForDeploymentPostprocessing = 0;
		};
		4F2A4B7026833D850054A909 /* Sources */ = {
			isa = PBXSourcesBuildPhase;
			buildActionMask = 2147483647;
			files = (
				4F2A4B7926833D850054A909 /* RxSwiftCameraFilterTests.swift in Sources */,
			);
			runOnlyForDeploymentPostprocessing = 0;
		};
		4F2A4B7B26833D850054A909 /* Sources */ = {
			isa = PBXSourcesBuildPhase;
			buildActionMask = 2147483647;
			files = (
				4F2A4B8426833D850054A909 /* RxSwiftCameraFilterUITests.swift in Sources */,
			);
			runOnlyForDeploymentPostprocessing = 0;
		};
/* End PBXSourcesBuildPhase section */

/* Begin PBXTargetDependency section */
		4F2A4B7626833D850054A909 /* PBXTargetDependency */ = {
			isa = PBXTargetDependency;
			target = 4F2A4B5D26833D730054A909 /* RxSwiftCameraFilter */;
			targetProxy = 4F2A4B7526833D850054A909 /* PBXContainerItemProxy */;
		};
		4F2A4B8126833D850054A909 /* PBXTargetDependency */ = {
			isa = PBXTargetDependency;
			target = 4F2A4B5D26833D730054A909 /* RxSwiftCameraFilter */;
			targetProxy = 4F2A4B8026833D850054A909 /* PBXContainerItemProxy */;
		};
/* End PBXTargetDependency section */

/* Begin PBXVariantGroup section */
		4F2A4B6726833D730054A909 /* Main.storyboard */ = {
			isa = PBXVariantGroup;
			children = (
				4F2A4B6826833D730054A909 /* Base */,
			);
			name = Main.storyboard;
			sourceTree = "<group>";
		};
		4F2A4B6C26833D840054A909 /* LaunchScreen.storyboard */ = {
			isa = PBXVariantGroup;
			children = (
				4F2A4B6D26833D840054A909 /* Base */,
			);
			name = LaunchScreen.storyboard;
			sourceTree = "<group>";
		};
/* End PBXVariantGroup section */

/* Begin XCBuildConfiguration section */
		4F2A4B8626833D850054A909 /* Debug */ = {
			isa = XCBuildConfiguration;
			buildSettings = {
				ALWAYS_SEARCH_USER_PATHS = NO;
				CLANG_ANALYZER_NONNULL = YES;
				CLANG_ANALYZER_NUMBER_OBJECT_CONVERSION = YES_AGGRESSIVE;
				CLANG_CXX_LANGUAGE_STANDARD = "gnu++14";
				CLANG_CXX_LIBRARY = "libc++";
				CLANG_ENABLE_MODULES = YES;
				CLANG_ENABLE_OBJC_ARC = YES;
				CLANG_ENABLE_OBJC_WEAK = YES;
				CLANG_WARN_BLOCK_CAPTURE_AUTORELEASING = YES;
				CLANG_WARN_BOOL_CONVERSION = YES;
				CLANG_WARN_COMMA = YES;
				CLANG_WARN_CONSTANT_CONVERSION = YES;
				CLANG_WARN_DEPRECATED_OBJC_IMPLEMENTATIONS = YES;
				CLANG_WARN_DIRECT_OBJC_ISA_USAGE = YES_ERROR;
				CLANG_WARN_DOCUMENTATION_COMMENTS = YES;
				CLANG_WARN_EMPTY_BODY = YES;
				CLANG_WARN_ENUM_CONVERSION = YES;
				CLANG_WARN_INFINITE_RECURSION = YES;
				CLANG_WARN_INT_CONVERSION = YES;
				CLANG_WARN_NON_LITERAL_NULL_CONVERSION = YES;
				CLANG_WARN_OBJC_IMPLICIT_RETAIN_SELF = YES;
				CLANG_WARN_OBJC_LITERAL_CONVERSION = YES;
				CLANG_WARN_OBJC_ROOT_CLASS = YES_ERROR;
				CLANG_WARN_QUOTED_INCLUDE_IN_FRAMEWORK_HEADER = YES;
				CLANG_WARN_RANGE_LOOP_ANALYSIS = YES;
				CLANG_WARN_STRICT_PROTOTYPES = YES;
				CLANG_WARN_SUSPICIOUS_MOVE = YES;
				CLANG_WARN_UNGUARDED_AVAILABILITY = YES_AGGRESSIVE;
				CLANG_WARN_UNREACHABLE_CODE = YES;
				CLANG_WARN__DUPLICATE_METHOD_MATCH = YES;
				COPY_PHASE_STRIP = NO;
				DEBUG_INFORMATION_FORMAT = dwarf;
				ENABLE_STRICT_OBJC_MSGSEND = YES;
				ENABLE_TESTABILITY = YES;
				GCC_C_LANGUAGE_STANDARD = gnu11;
				GCC_DYNAMIC_NO_PIC = NO;
				GCC_NO_COMMON_BLOCKS = YES;
				GCC_OPTIMIZATION_LEVEL = 0;
				GCC_PREPROCESSOR_DEFINITIONS = (
					"DEBUG=1",
					"$(inherited)",
				);
				GCC_WARN_64_TO_32_BIT_CONVERSION = YES;
				GCC_WARN_ABOUT_RETURN_TYPE = YES_ERROR;
				GCC_WARN_UNDECLARED_SELECTOR = YES;
				GCC_WARN_UNINITIALIZED_AUTOS = YES_AGGRESSIVE;
				GCC_WARN_UNUSED_FUNCTION = YES;
				GCC_WARN_UNUSED_VARIABLE = YES;
				IPHONEOS_DEPLOYMENT_TARGET = 14.5;
				MTL_ENABLE_DEBUG_INFO = INCLUDE_SOURCE;
				MTL_FAST_MATH = YES;
				ONLY_ACTIVE_ARCH = YES;
				SDKROOT = iphoneos;
				SWIFT_ACTIVE_COMPILATION_CONDITIONS = DEBUG;
				SWIFT_OPTIMIZATION_LEVEL = "-Onone";
			};
			name = Debug;
		};
		4F2A4B8726833D850054A909 /* Release */ = {
			isa = XCBuildConfiguration;
			buildSettings = {
				ALWAYS_SEARCH_USER_PATHS = NO;
				CLANG_ANALYZER_NONNULL = YES;
				CLANG_ANALYZER_NUMBER_OBJECT_CONVERSION = YES_AGGRESSIVE;
				CLANG_CXX_LANGUAGE_STANDARD = "gnu++14";
				CLANG_CXX_LIBRARY = "libc++";
				CLANG_ENABLE_MODULES = YES;
				CLANG_ENABLE_OBJC_ARC = YES;
				CLANG_ENABLE_OBJC_WEAK = YES;
				CLANG_WARN_BLOCK_CAPTURE_AUTORELEASING = YES;
				CLANG_WARN_BOOL_CONVERSION = YES;
				CLANG_WARN_COMMA = YES;
				CLANG_WARN_CONSTANT_CONVERSION = YES;
				CLANG_WARN_DEPRECATED_OBJC_IMPLEMENTATIONS = YES;
				CLANG_WARN_DIRECT_OBJC_ISA_USAGE = YES_ERROR;
				CLANG_WARN_DOCUMENTATION_COMMENTS = YES;
				CLANG_WARN_EMPTY_BODY = YES;
				CLANG_WARN_ENUM_CONVERSION = YES;
				CLANG_WARN_INFINITE_RECURSION = YES;
				CLANG_WARN_INT_CONVERSION = YES;
				CLANG_WARN_NON_LITERAL_NULL_CONVERSION = YES;
				CLANG_WARN_OBJC_IMPLICIT_RETAIN_SELF = YES;
				CLANG_WARN_OBJC_LITERAL_CONVERSION = YES;
				CLANG_WARN_OBJC_ROOT_CLASS = YES_ERROR;
				CLANG_WARN_QUOTED_INCLUDE_IN_FRAMEWORK_HEADER = YES;
				CLANG_WARN_RANGE_LOOP_ANALYSIS = YES;
				CLANG_WARN_STRICT_PROTOTYPES = YES;
				CLANG_WARN_SUSPICIOUS_MOVE = YES;
				CLANG_WARN_UNGUARDED_AVAILABILITY = YES_AGGRESSIVE;
				CLANG_WARN_UNREACHABLE_CODE = YES;
				CLANG_WARN__DUPLICATE_METHOD_MATCH = YES;
				COPY_PHASE_STRIP = NO;
				DEBUG_INFORMATION_FORMAT = "dwarf-with-dsym";
				ENABLE_NS_ASSERTIONS = NO;
				ENABLE_STRICT_OBJC_MSGSEND = YES;
				GCC_C_LANGUAGE_STANDARD = gnu11;
				GCC_NO_COMMON_BLOCKS = YES;
				GCC_WARN_64_TO_32_BIT_CONVERSION = YES;
				GCC_WARN_ABOUT_RETURN_TYPE = YES_ERROR;
				GCC_WARN_UNDECLARED_SELECTOR = YES;
				GCC_WARN_UNINITIALIZED_AUTOS = YES_AGGRESSIVE;
				GCC_WARN_UNUSED_FUNCTION = YES;
				GCC_WARN_UNUSED_VARIABLE = YES;
				IPHONEOS_DEPLOYMENT_TARGET = 14.5;
				MTL_ENABLE_DEBUG_INFO = NO;
				MTL_FAST_MATH = YES;
				SDKROOT = iphoneos;
				SWIFT_COMPILATION_MODE = wholemodule;
				SWIFT_OPTIMIZATION_LEVEL = "-O";
				VALIDATE_PRODUCT = YES;
			};
			name = Release;
		};
		4F2A4B8926833D850054A909 /* Debug */ = {
			isa = XCBuildConfiguration;
			baseConfigurationReference = E951ADEC969D5BFACECFA6E9 /* Pods-RxSwiftCameraFilter.debug.xcconfig */;
			buildSettings = {
				ASSETCATALOG_COMPILER_APPICON_NAME = AppIcon;
				ASSETCATALOG_COMPILER_GLOBAL_ACCENT_COLOR_NAME = AccentColor;
				CODE_SIGN_STYLE = Automatic;
				DEVELOPMENT_TEAM = T78LT82SRL;
				INFOPLIST_FILE = RxSwiftCameraFilter/Info.plist;
				LD_RUNPATH_SEARCH_PATHS = (
					"$(inherited)",
					"@executable_path/Frameworks",
				);
				PRODUCT_BUNDLE_IDENTIFIER = com.Sakeikura.RxSwiftCameraFilter;
				PRODUCT_NAME = "$(TARGET_NAME)";
				SWIFT_VERSION = 5.0;
				TARGETED_DEVICE_FAMILY = "1,2";
			};
			name = Debug;
		};
		4F2A4B8A26833D850054A909 /* Release */ = {
			isa = XCBuildConfiguration;
			baseConfigurationReference = BC63EDDB2A67C94A1C47C8EB /* Pods-RxSwiftCameraFilter.release.xcconfig */;
			buildSettings = {
				ASSETCATALOG_COMPILER_APPICON_NAME = AppIcon;
				ASSETCATALOG_COMPILER_GLOBAL_ACCENT_COLOR_NAME = AccentColor;
				CODE_SIGN_STYLE = Automatic;
				DEVELOPMENT_TEAM = T78LT82SRL;
				INFOPLIST_FILE = RxSwiftCameraFilter/Info.plist;
				LD_RUNPATH_SEARCH_PATHS = (
					"$(inherited)",
					"@executable_path/Frameworks",
				);
				PRODUCT_BUNDLE_IDENTIFIER = com.Sakeikura.RxSwiftCameraFilter;
				PRODUCT_NAME = "$(TARGET_NAME)";
				SWIFT_VERSION = 5.0;
				TARGETED_DEVICE_FAMILY = "1,2";
			};
			name = Release;
		};
		4F2A4B8C26833D850054A909 /* Debug */ = {
			isa = XCBuildConfiguration;
			baseConfigurationReference = 4DC25FD800711D617E8D76D0 /* Pods-RxSwiftCameraFilterTests.debug.xcconfig */;
			buildSettings = {
				ALWAYS_EMBED_SWIFT_STANDARD_LIBRARIES = YES;
				BUNDLE_LOADER = "$(TEST_HOST)";
				CODE_SIGN_STYLE = Automatic;
				DEVELOPMENT_TEAM = T78LT82SRL;
				INFOPLIST_FILE = RxSwiftCameraFilterTests/Info.plist;
				IPHONEOS_DEPLOYMENT_TARGET = 14.5;
				LD_RUNPATH_SEARCH_PATHS = (
					"$(inherited)",
					"@executable_path/Frameworks",
					"@loader_path/Frameworks",
				);
				PRODUCT_BUNDLE_IDENTIFIER = com.Sakeikura.RxSwiftCameraFilterTests;
				PRODUCT_NAME = "$(TARGET_NAME)";
				SWIFT_VERSION = 5.0;
				TARGETED_DEVICE_FAMILY = "1,2";
				TEST_HOST = "$(BUILT_PRODUCTS_DIR)/RxSwiftCameraFilter.app/RxSwiftCameraFilter";
			};
			name = Debug;
		};
		4F2A4B8D26833D850054A909 /* Release */ = {
			isa = XCBuildConfiguration;
			baseConfigurationReference = 82B05D212B7E64A103C83C4B /* Pods-RxSwiftCameraFilterTests.release.xcconfig */;
			buildSettings = {
				ALWAYS_EMBED_SWIFT_STANDARD_LIBRARIES = YES;
				BUNDLE_LOADER = "$(TEST_HOST)";
				CODE_SIGN_STYLE = Automatic;
				DEVELOPMENT_TEAM = T78LT82SRL;
				INFOPLIST_FILE = RxSwiftCameraFilterTests/Info.plist;
				IPHONEOS_DEPLOYMENT_TARGET = 14.5;
				LD_RUNPATH_SEARCH_PATHS = (
					"$(inherited)",
					"@executable_path/Frameworks",
					"@loader_path/Frameworks",
				);
				PRODUCT_BUNDLE_IDENTIFIER = com.Sakeikura.RxSwiftCameraFilterTests;
				PRODUCT_NAME = "$(TARGET_NAME)";
				SWIFT_VERSION = 5.0;
				TARGETED_DEVICE_FAMILY = "1,2";
				TEST_HOST = "$(BUILT_PRODUCTS_DIR)/RxSwiftCameraFilter.app/RxSwiftCameraFilter";
			};
			name = Release;
		};
		4F2A4B8F26833D850054A909 /* Debug */ = {
			isa = XCBuildConfiguration;
			baseConfigurationReference = 7B6EA52D1E1180127E7AA362 /* Pods-RxSwiftCameraFilter-RxSwiftCameraFilterUITests.debug.xcconfig */;
			buildSettings = {
				ALWAYS_EMBED_SWIFT_STANDARD_LIBRARIES = YES;
				CODE_SIGN_STYLE = Automatic;
				DEVELOPMENT_TEAM = T78LT82SRL;
				INFOPLIST_FILE = RxSwiftCameraFilterUITests/Info.plist;
				LD_RUNPATH_SEARCH_PATHS = (
					"$(inherited)",
					"@executable_path/Frameworks",
					"@loader_path/Frameworks",
				);
				PRODUCT_BUNDLE_IDENTIFIER = com.Sakeikura.RxSwiftCameraFilterUITests;
				PRODUCT_NAME = "$(TARGET_NAME)";
				SWIFT_VERSION = 5.0;
				TARGETED_DEVICE_FAMILY = "1,2";
				TEST_TARGET_NAME = RxSwiftCameraFilter;
			};
			name = Debug;
		};
		4F2A4B9026833D850054A909 /* Release */ = {
			isa = XCBuildConfiguration;
			baseConfigurationReference = 587F6C89B7F8945BADC32E5D /* Pods-RxSwiftCameraFilter-RxSwiftCameraFilterUITests.release.xcconfig */;
			buildSettings = {
				ALWAYS_EMBED_SWIFT_STANDARD_LIBRARIES = YES;
				CODE_SIGN_STYLE = Automatic;
				DEVELOPMENT_TEAM = T78LT82SRL;
				INFOPLIST_FILE = RxSwiftCameraFilterUITests/Info.plist;
				LD_RUNPATH_SEARCH_PATHS = (
					"$(inherited)",
					"@executable_path/Frameworks",
					"@loader_path/Frameworks",
				);
				PRODUCT_BUNDLE_IDENTIFIER = com.Sakeikura.RxSwiftCameraFilterUITests;
				PRODUCT_NAME = "$(TARGET_NAME)";
				SWIFT_VERSION = 5.0;
				TARGETED_DEVICE_FAMILY = "1,2";
				TEST_TARGET_NAME = RxSwiftCameraFilter;
			};
			name = Release;
		};
/* End XCBuildConfiguration section */

/* Begin XCConfigurationList section */
		4F2A4B5926833D730054A909 /* Build configuration list for PBXProject "RxSwiftCameraFilter" */ = {
			isa = XCConfigurationList;
			buildConfigurations = (
				4F2A4B8626833D850054A909 /* Debug */,
				4F2A4B8726833D850054A909 /* Release */,
			);
			defaultConfigurationIsVisible = 0;
			defaultConfigurationName = Release;
		};
		4F2A4B8826833D850054A909 /* Build configuration list for PBXNativeTarget "RxSwiftCameraFilter" */ = {
			isa = XCConfigurationList;
			buildConfigurations = (
				4F2A4B8926833D850054A909 /* Debug */,
				4F2A4B8A26833D850054A909 /* Release */,
			);
			defaultConfigurationIsVisible = 0;
			defaultConfigurationName = Release;
		};
		4F2A4B8B26833D850054A909 /* Build configuration list for PBXNativeTarget "RxSwiftCameraFilterTests" */ = {
			isa = XCConfigurationList;
			buildConfigurations = (
				4F2A4B8C26833D850054A909 /* Debug */,
				4F2A4B8D26833D850054A909 /* Release */,
			);
			defaultConfigurationIsVisible = 0;
			defaultConfigurationName = Release;
		};
		4F2A4B8E26833D850054A909 /* Build configuration list for PBXNativeTarget "RxSwiftCameraFilterUITests" */ = {
			isa = XCConfigurationList;
			buildConfigurations = (
				4F2A4B8F26833D850054A909 /* Debug */,
				4F2A4B9026833D850054A909 /* Release */,
			);
			defaultConfigurationIsVisible = 0;
			defaultConfigurationName = Release;
		};
/* End XCConfigurationList section */
	};
	rootObject = 4F2A4B5626833D730054A909 /* Project object */;
}
